// !$*UTF8*$!
{
	archiveVersion = 1;
	classes = {
	};
	objectVersion = 56;
	objects = {

/* Begin PBXBuildFile section */
		CEA31C002AF240C100127EBA /* NetworkManager.swift in Sources */ = {isa = PBXBuildFile; fileRef = CEA31BFF2AF240C100127EBA /* NetworkManager.swift */; };
		CEA31C032AF2445300127EBA /* Cocktail.swift in Sources */ = {isa = PBXBuildFile; fileRef = CEA31C022AF2445300127EBA /* Cocktail.swift */; };
		CEA31C082AF276B300127EBA /* CocktailCell.swift in Sources */ = {isa = PBXBuildFile; fileRef = CEA31C072AF276B300127EBA /* CocktailCell.swift */; };
		CEABF9422AF0EF1B0096E71E /* CocktailsViewController.swift in Sources */ = {isa = PBXBuildFile; fileRef = CEABF9412AF0EF1B0096E71E /* CocktailsViewController.swift */; };
		CEB279482AEFA7FD0055A956 /* AppDelegate.swift in Sources */ = {isa = PBXBuildFile; fileRef = CEB279472AEFA7FD0055A956 /* AppDelegate.swift */; };
		CEB2794A2AEFA7FD0055A956 /* SceneDelegate.swift in Sources */ = {isa = PBXBuildFile; fileRef = CEB279492AEFA7FD0055A956 /* SceneDelegate.swift */; };
		CEB2794C2AEFA7FD0055A956 /* InfoCocktailViewController.swift in Sources */ = {isa = PBXBuildFile; fileRef = CEB2794B2AEFA7FD0055A956 /* InfoCocktailViewController.swift */; };
		CEB2794F2AEFA7FD0055A956 /* Main.storyboard in Resources */ = {isa = PBXBuildFile; fileRef = CEB2794D2AEFA7FD0055A956 /* Main.storyboard */; };
		CEB279512AEFA7FF0055A956 /* Assets.xcassets in Resources */ = {isa = PBXBuildFile; fileRef = CEB279502AEFA7FF0055A956 /* Assets.xcassets */; };
		CEB279542AEFA7FF0055A956 /* LaunchScreen.storyboard in Resources */ = {isa = PBXBuildFile; fileRef = CEB279522AEFA7FF0055A956 /* LaunchScreen.storyboard */; };
/* End PBXBuildFile section */

/* Begin PBXFileReference section */
		CEA31BFF2AF240C100127EBA /* NetworkManager.swift */ = {isa = PBXFileReference; lastKnownFileType = sourcecode.swift; path = NetworkManager.swift; sourceTree = "<group>"; };
		CEA31C022AF2445300127EBA /* Cocktail.swift */ = {isa = PBXFileReference; lastKnownFileType = sourcecode.swift; path = Cocktail.swift; sourceTree = "<group>"; };
		CEA31C072AF276B300127EBA /* CocktailCell.swift */ = {isa = PBXFileReference; lastKnownFileType = sourcecode.swift; path = CocktailCell.swift; sourceTree = "<group>"; };
		CEABF9412AF0EF1B0096E71E /* CocktailsViewController.swift */ = {isa = PBXFileReference; lastKnownFileType = sourcecode.swift; path = CocktailsViewController.swift; sourceTree = "<group>"; };
		CEB279442AEFA7FD0055A956 /* TheCocktailDB.app */ = {isa = PBXFileReference; explicitFileType = wrapper.application; includeInIndex = 0; path = TheCocktailDB.app; sourceTree = BUILT_PRODUCTS_DIR; };
		CEB279472AEFA7FD0055A956 /* AppDelegate.swift */ = {isa = PBXFileReference; lastKnownFileType = sourcecode.swift; path = AppDelegate.swift; sourceTree = "<group>"; };
		CEB279492AEFA7FD0055A956 /* SceneDelegate.swift */ = {isa = PBXFileReference; lastKnownFileType = sourcecode.swift; path = SceneDelegate.swift; sourceTree = "<group>"; };
		CEB2794B2AEFA7FD0055A956 /* InfoCocktailViewController.swift */ = {isa = PBXFileReference; lastKnownFileType = sourcecode.swift; path = InfoCocktailViewController.swift; sourceTree = "<group>"; };
		CEB2794E2AEFA7FD0055A956 /* Base */ = {isa = PBXFileReference; lastKnownFileType = file.storyboard; name = Base; path = Base.lproj/Main.storyboard; sourceTree = "<group>"; };
		CEB279502AEFA7FF0055A956 /* Assets.xcassets */ = {isa = PBXFileReference; lastKnownFileType = folder.assetcatalog; path = Assets.xcassets; sourceTree = "<group>"; };
		CEB279532AEFA7FF0055A956 /* Base */ = {isa = PBXFileReference; lastKnownFileType = file.storyboard; name = Base; path = Base.lproj/LaunchScreen.storyboard; sourceTree = "<group>"; };
		CEB279552AEFA7FF0055A956 /* Info.plist */ = {isa = PBXFileReference; lastKnownFileType = text.plist.xml; path = Info.plist; sourceTree = "<group>"; };
/* End PBXFileReference section */

/* Begin PBXFrameworksBuildPhase section */
		CEB279412AEFA7FD0055A956 /* Frameworks */ = {
			isa = PBXFrameworksBuildPhase;
			buildActionMask = 2147483647;
			files = (
			);
			runOnlyForDeploymentPostprocessing = 0;
		};
/* End PBXFrameworksBuildPhase section */

/* Begin PBXGroup section */
		CEA31C012AF2442A00127EBA /* Models */ = {
			isa = PBXGroup;
			children = (
				CEA31C022AF2445300127EBA /* Cocktail.swift */,
			);
			path = Models;
			sourceTree = "<group>";
		};
		CEA31C062AF2768700127EBA /* Views */ = {
			isa = PBXGroup;
			children = (
				CEA31C072AF276B300127EBA /* CocktailCell.swift */,
			);
			path = Views;
			sourceTree = "<group>";
		};
		CEABF9432AF0F58F0096E71E /* Services */ = {
			isa = PBXGroup;
			children = (
				CEA31BFF2AF240C100127EBA /* NetworkManager.swift */,
			);
			path = Services;
			sourceTree = "<group>";
		};
		CEB2793B2AEFA7FD0055A956 = {
			isa = PBXGroup;
			children = (
				CEB279462AEFA7FD0055A956 /* TheCocktailDB */,
				CEB279452AEFA7FD0055A956 /* Products */,
			);
			sourceTree = "<group>";
		};
		CEB279452AEFA7FD0055A956 /* Products */ = {
			isa = PBXGroup;
			children = (
				CEB279442AEFA7FD0055A956 /* TheCocktailDB.app */,
			);
			name = Products;
			sourceTree = "<group>";
		};
		CEB279462AEFA7FD0055A956 /* TheCocktailDB */ = {
			isa = PBXGroup;
			children = (
				CEA31C062AF2768700127EBA /* Views */,
				CEA31C012AF2442A00127EBA /* Models */,
				CEABF9432AF0F58F0096E71E /* Services */,
				CEB2795D2AEFAC6A0055A956 /* App */,
				CEB2795C2AEFAC4B0055A956 /* ViewControllers */,
				CEB2795B2AEFAC370055A956 /* Storyboards */,
				CEB279502AEFA7FF0055A956 /* Assets.xcassets */,
			);
			path = TheCocktailDB;
			sourceTree = "<group>";
		};
		CEB2795B2AEFAC370055A956 /* Storyboards */ = {
			isa = PBXGroup;
			children = (
				CEB2794D2AEFA7FD0055A956 /* Main.storyboard */,
				CEB279522AEFA7FF0055A956 /* LaunchScreen.storyboard */,
			);
			path = Storyboards;
			sourceTree = "<group>";
		};
		CEB2795C2AEFAC4B0055A956 /* ViewControllers */ = {
			isa = PBXGroup;
			children = (
				CEABF9412AF0EF1B0096E71E /* CocktailsViewController.swift */,
				CEB2794B2AEFA7FD0055A956 /* InfoCocktailViewController.swift */,
			);
			path = ViewControllers;
			sourceTree = "<group>";
		};
		CEB2795D2AEFAC6A0055A956 /* App */ = {
			isa = PBXGroup;
			children = (
				CEB279472AEFA7FD0055A956 /* AppDelegate.swift */,
				CEB279492AEFA7FD0055A956 /* SceneDelegate.swift */,
				CEB279552AEFA7FF0055A956 /* Info.plist */,
			);
			path = App;
			sourceTree = "<group>";
		};
/* End PBXGroup section */

/* Begin PBXNativeTarget section */
		CEB279432AEFA7FD0055A956 /* TheCocktailDB */ = {
			isa = PBXNativeTarget;
			buildConfigurationList = CEB279582AEFA7FF0055A956 /* Build configuration list for PBXNativeTarget "TheCocktailDB" */;
			buildPhases = (
				CEB279402AEFA7FD0055A956 /* Sources */,
				CEB279412AEFA7FD0055A956 /* Frameworks */,
				CEB279422AEFA7FD0055A956 /* Resources */,
			);
			buildRules = (
			);
			dependencies = (
			);
			name = TheCocktailDB;
			productName = TheCocktailDB;
			productReference = CEB279442AEFA7FD0055A956 /* TheCocktailDB.app */;
			productType = "com.apple.product-type.application";
		};
/* End PBXNativeTarget section */

/* Begin PBXProject section */
		CEB2793C2AEFA7FD0055A956 /* Project object */ = {
			isa = PBXProject;
			attributes = {
				BuildIndependentTargetsInParallel = 1;
				LastSwiftUpdateCheck = 1400;
				LastUpgradeCheck = 1400;
				TargetAttributes = {
					CEB279432AEFA7FD0055A956 = {
						CreatedOnToolsVersion = 14.0.1;
					};
				};
			};
			buildConfigurationList = CEB2793F2AEFA7FD0055A956 /* Build configuration list for PBXProject "TheCocktailDB" */;
			compatibilityVersion = "Xcode 14.0";
			developmentRegion = en;
			hasScannedForEncodings = 0;
			knownRegions = (
				en,
				Base,
			);
			mainGroup = CEB2793B2AEFA7FD0055A956;
			productRefGroup = CEB279452AEFA7FD0055A956 /* Products */;
			projectDirPath = "";
			projectRoot = "";
			targets = (
				CEB279432AEFA7FD0055A956 /* TheCocktailDB */,
			);
		};
/* End PBXProject section */

/* Begin PBXResourcesBuildPhase section */
		CEB279422AEFA7FD0055A956 /* Resources */ = {
			isa = PBXResourcesBuildPhase;
			buildActionMask = 2147483647;
			files = (
				CEB279542AEFA7FF0055A956 /* LaunchScreen.storyboard in Resources */,
				CEB279512AEFA7FF0055A956 /* Assets.xcassets in Resources */,
				CEB2794F2AEFA7FD0055A956 /* Main.storyboard in Resources */,
			);
			runOnlyForDeploymentPostprocessing = 0;
		};
/* End PBXResourcesBuildPhase section */

/* Begin PBXSourcesBuildPhase section */
		CEB279402AEFA7FD0055A956 /* Sources */ = {
			isa = PBXSourcesBuildPhase;
			buildActionMask = 2147483647;
			files = (
				CEABF9422AF0EF1B0096E71E /* CocktailsViewController.swift in Sources */,
				CEB2794C2AEFA7FD0055A956 /* InfoCocktailViewController.swift in Sources */,
				CEA31C002AF240C100127EBA /* NetworkManager.swift in Sources */,
				CEB279482AEFA7FD0055A956 /* AppDelegate.swift in Sources */,
				CEB2794A2AEFA7FD0055A956 /* SceneDelegate.swift in Sources */,
				CEA31C032AF2445300127EBA /* Cocktail.swift in Sources */,
				CEA31C082AF276B300127EBA /* CocktailCell.swift in Sources */,
			);
			runOnlyForDeploymentPostprocessing = 0;
		};
/* End PBXSourcesBuildPhase section */

/* Begin PBXVariantGroup section */
		CEB2794D2AEFA7FD0055A956 /* Main.storyboard */ = {
			isa = PBXVariantGroup;
			children = (
				CEB2794E2AEFA7FD0055A956 /* Base */,
			);
			name = Main.storyboard;
			sourceTree = "<group>";
		};
		CEB279522AEFA7FF0055A956 /* LaunchScreen.storyboard */ = {
			isa = PBXVariantGroup;
			children = (
				CEB279532AEFA7FF0055A956 /* Base */,
			);
			name = LaunchScreen.storyboard;
			sourceTree = "<group>";
		};
/* End PBXVariantGroup section */

/* Begin XCBuildConfiguration section */
		CEB279562AEFA7FF0055A956 /* Debug */ = {
			isa = XCBuildConfiguration;
			buildSettings = {
				ALWAYS_SEARCH_USER_PATHS = NO;
				CLANG_ANALYZER_NONNULL = YES;
				CLANG_ANALYZER_NUMBER_OBJECT_CONVERSION = YES_AGGRESSIVE;
				CLANG_CXX_LANGUAGE_STANDARD = "gnu++20";
				CLANG_ENABLE_MODULES = YES;
				CLANG_ENABLE_OBJC_ARC = YES;
				CLANG_ENABLE_OBJC_WEAK = YES;
				CLANG_WARN_BLOCK_CAPTURE_AUTORELEASING = YES;
				CLANG_WARN_BOOL_CONVERSION = YES;
				CLANG_WARN_COMMA = YES;
				CLANG_WARN_CONSTANT_CONVERSION = YES;
				CLANG_WARN_DEPRECATED_OBJC_IMPLEMENTATIONS = YES;
				CLANG_WARN_DIRECT_OBJC_ISA_USAGE = YES_ERROR;
				CLANG_WARN_DOCUMENTATION_COMMENTS = YES;
				CLANG_WARN_EMPTY_BODY = YES;
				CLANG_WARN_ENUM_CONVERSION = YES;
				CLANG_WARN_INFINITE_RECURSION = YES;
				CLANG_WARN_INT_CONVERSION = YES;
				CLANG_WARN_NON_LITERAL_NULL_CONVERSION = YES;
				CLANG_WARN_OBJC_IMPLICIT_RETAIN_SELF = YES;
				CLANG_WARN_OBJC_LITERAL_CONVERSION = YES;
				CLANG_WARN_OBJC_ROOT_CLASS = YES_ERROR;
				CLANG_WARN_QUOTED_INCLUDE_IN_FRAMEWORK_HEADER = YES;
				CLANG_WARN_RANGE_LOOP_ANALYSIS = YES;
				CLANG_WARN_STRICT_PROTOTYPES = YES;
				CLANG_WARN_SUSPICIOUS_MOVE = YES;
				CLANG_WARN_UNGUARDED_AVAILABILITY = YES_AGGRESSIVE;
				CLANG_WARN_UNREACHABLE_CODE = YES;
				CLANG_WARN__DUPLICATE_METHOD_MATCH = YES;
				COPY_PHASE_STRIP = NO;
				DEBUG_INFORMATION_FORMAT = dwarf;
				ENABLE_STRICT_OBJC_MSGSEND = YES;
				ENABLE_TESTABILITY = YES;
				GCC_C_LANGUAGE_STANDARD = gnu11;
				GCC_DYNAMIC_NO_PIC = NO;
				GCC_NO_COMMON_BLOCKS = YES;
				GCC_OPTIMIZATION_LEVEL = 0;
				GCC_PREPROCESSOR_DEFINITIONS = (
					"DEBUG=1",
					"$(inherited)",
				);
				GCC_WARN_64_TO_32_BIT_CONVERSION = YES;
				GCC_WARN_ABOUT_RETURN_TYPE = YES_ERROR;
				GCC_WARN_UNDECLARED_SELECTOR = YES;
				GCC_WARN_UNINITIALIZED_AUTOS = YES_AGGRESSIVE;
				GCC_WARN_UNUSED_FUNCTION = YES;
				GCC_WARN_UNUSED_VARIABLE = YES;
				IPHONEOS_DEPLOYMENT_TARGET = 16.0;
				MTL_ENABLE_DEBUG_INFO = INCLUDE_SOURCE;
				MTL_FAST_MATH = YES;
				ONLY_ACTIVE_ARCH = YES;
				SDKROOT = iphoneos;
				SWIFT_ACTIVE_COMPILATION_CONDITIONS = DEBUG;
				SWIFT_OPTIMIZATION_LEVEL = "-Onone";
			};
			name = Debug;
		};
		CEB279572AEFA7FF0055A956 /* Release */ = {
			isa = XCBuildConfiguration;
			buildSettings = {
				ALWAYS_SEARCH_USER_PATHS = NO;
				CLANG_ANALYZER_NONNULL = YES;
				CLANG_ANALYZER_NUMBER_OBJECT_CONVERSION = YES_AGGRESSIVE;
				CLANG_CXX_LANGUAGE_STANDARD = "gnu++20";
				CLANG_ENABLE_MODULES = YES;
				CLANG_ENABLE_OBJC_ARC = YES;
				CLANG_ENABLE_OBJC_WEAK = YES;
				CLANG_WARN_BLOCK_CAPTURE_AUTORELEASING = YES;
				CLANG_WARN_BOOL_CONVERSION = YES;
				CLANG_WARN_COMMA = YES;
				CLANG_WARN_CONSTANT_CONVERSION = YES;
				CLANG_WARN_DEPRECATED_OBJC_IMPLEMENTATIONS = YES;
				CLANG_WARN_DIRECT_OBJC_ISA_USAGE = YES_ERROR;
				CLANG_WARN_DOCUMENTATION_COMMENTS = YES;
				CLANG_WARN_EMPTY_BODY = YES;
				CLANG_WARN_ENUM_CONVERSION = YES;
				CLANG_WARN_INFINITE_RECURSION = YES;
				CLANG_WARN_INT_CONVERSION = YES;
				CLANG_WARN_NON_LITERAL_NULL_CONVERSION = YES;
				CLANG_WARN_OBJC_IMPLICIT_RETAIN_SELF = YES;
				CLANG_WARN_OBJC_LITERAL_CONVERSION = YES;
				CLANG_WARN_OBJC_ROOT_CLASS = YES_ERROR;
				CLANG_WARN_QUOTED_INCLUDE_IN_FRAMEWORK_HEADER = YES;
				CLANG_WARN_RANGE_LOOP_ANALYSIS = YES;
				CLANG_WARN_STRICT_PROTOTYPES = YES;
				CLANG_WARN_SUSPICIOUS_MOVE = YES;
				CLANG_WARN_UNGUARDED_AVAILABILITY = YES_AGGRESSIVE;
				CLANG_WARN_UNREACHABLE_CODE = YES;
				CLANG_WARN__DUPLICATE_METHOD_MATCH = YES;
				COPY_PHASE_STRIP = NO;
				DEBUG_INFORMATION_FORMAT = "dwarf-with-dsym";
				ENABLE_NS_ASSERTIONS = NO;
				ENABLE_STRICT_OBJC_MSGSEND = YES;
				GCC_C_LANGUAGE_STANDARD = gnu11;
				GCC_NO_COMMON_BLOCKS = YES;
				GCC_WARN_64_TO_32_BIT_CONVERSION = YES;
				GCC_WARN_ABOUT_RETURN_TYPE = YES_ERROR;
				GCC_WARN_UNDECLARED_SELECTOR = YES;
				GCC_WARN_UNINITIALIZED_AUTOS = YES_AGGRESSIVE;
				GCC_WARN_UNUSED_FUNCTION = YES;
				GCC_WARN_UNUSED_VARIABLE = YES;
				IPHONEOS_DEPLOYMENT_TARGET = 16.0;
				MTL_ENABLE_DEBUG_INFO = NO;
				MTL_FAST_MATH = YES;
				SDKROOT = iphoneos;
				SWIFT_COMPILATION_MODE = wholemodule;
				SWIFT_OPTIMIZATION_LEVEL = "-O";
				VALIDATE_PRODUCT = YES;
			};
			name = Release;
		};
		CEB279592AEFA7FF0055A956 /* Debug */ = {
			isa = XCBuildConfiguration;
			buildSettings = {
				ASSETCATALOG_COMPILER_APPICON_NAME = AppIcon;
				ASSETCATALOG_COMPILER_GLOBAL_ACCENT_COLOR_NAME = AccentColor;
				CODE_SIGN_STYLE = Automatic;
				CURRENT_PROJECT_VERSION = 1;
				DEVELOPMENT_TEAM = EZEA8LL4D8;
				GENERATE_INFOPLIST_FILE = YES;
				INFOPLIST_FILE = TheCocktailDB/App/Info.plist;
				INFOPLIST_KEY_UIApplicationSupportsIndirectInputEvents = YES;
				INFOPLIST_KEY_UILaunchStoryboardName = LaunchScreen;
				INFOPLIST_KEY_UIMainStoryboardFile = Main;
				INFOPLIST_KEY_UISupportedInterfaceOrientations_iPad = "UIInterfaceOrientationPortrait UIInterfaceOrientationPortraitUpsideDown UIInterfaceOrientationLandscapeLeft UIInterfaceOrientationLandscapeRight";
				INFOPLIST_KEY_UISupportedInterfaceOrientations_iPhone = "UIInterfaceOrientationPortrait UIInterfaceOrientationLandscapeLeft UIInterfaceOrientationLandscapeRight";
				LD_RUNPATH_SEARCH_PATHS = (
					"$(inherited)",
					"@executable_path/Frameworks",
				);
				MARKETING_VERSION = 1.0;
				PRODUCT_BUNDLE_IDENTIFIER = pavellahno.TheCocktailDB;
				PRODUCT_NAME = "$(TARGET_NAME)";
				SWIFT_EMIT_LOC_STRINGS = YES;
				SWIFT_VERSION = 5.0;
				TARGETED_DEVICE_FAMILY = "1,2";
			};
			name = Debug;
		};
		CEB2795A2AEFA7FF0055A956 /* Release */ = {
			isa = XCBuildConfiguration;
			buildSettings = {
				ASSETCATALOG_COMPILER_APPICON_NAME = AppIcon;
				ASSETCATALOG_COMPILER_GLOBAL_ACCENT_COLOR_NAME = AccentColor;
				CODE_SIGN_STYLE = Automatic;
				CURRENT_PROJECT_VERSION = 1;
				DEVELOPMENT_TEAM = EZEA8LL4D8;
				GENERATE_INFOPLIST_FILE = YES;
				INFOPLIST_FILE = TheCocktailDB/App/Info.plist;
				INFOPLIST_KEY_UIApplicationSupportsIndirectInputEvents = YES;
				INFOPLIST_KEY_UILaunchStoryboardName = LaunchScreen;
				INFOPLIST_KEY_UIMainStoryboardFile = Main;
				INFOPLIST_KEY_UISupportedInterfaceOrientations_iPad = "UIInterfaceOrientationPortrait UIInterfaceOrientationPortraitUpsideDown UIInterfaceOrientationLandscapeLeft UIInterfaceOrientationLandscapeRight";
				INFOPLIST_KEY_UISupportedInterfaceOrientations_iPhone = "UIInterfaceOrientationPortrait UIInterfaceOrientationLandscapeLeft UIInterfaceOrientationLandscapeRight";
				LD_RUNPATH_SEARCH_PATHS = (
					"$(inherited)",
					"@executable_path/Frameworks",
				);
				MARKETING_VERSION = 1.0;
				PRODUCT_BUNDLE_IDENTIFIER = pavellahno.TheCocktailDB;
				PRODUCT_NAME = "$(TARGET_NAME)";
				SWIFT_EMIT_LOC_STRINGS = YES;
				SWIFT_VERSION = 5.0;
				TARGETED_DEVICE_FAMILY = "1,2";
			};
			name = Release;
		};
/* End XCBuildConfiguration section */

/* Begin XCConfigurationList section */
		CEB2793F2AEFA7FD0055A956 /* Build configuration list for PBXProject "TheCocktailDB" */ = {
			isa = XCConfigurationList;
			buildConfigurations = (
				CEB279562AEFA7FF0055A956 /* Debug */,
				CEB279572AEFA7FF0055A956 /* Release */,
			);
			defaultConfigurationIsVisible = 0;
			defaultConfigurationName = Release;
		};
		CEB279582AEFA7FF0055A956 /* Build configuration list for PBXNativeTarget "TheCocktailDB" */ = {
			isa = XCConfigurationList;
			buildConfigurations = (
				CEB279592AEFA7FF0055A956 /* Debug */,
				CEB2795A2AEFA7FF0055A956 /* Release */,
			);
			defaultConfigurationIsVisible = 0;
			defaultConfigurationName = Release;
		};
/* End XCConfigurationList section */
	};
	rootObject = CEB2793C2AEFA7FD0055A956 /* Project object */;
}
